
Microsoft Visual Studio Solution File, Format Version 11.00
# Visual Studio 2010
Project("{FAE04EC0-301F-11D3-BF4B-00C04F79EFBC}") = "Connect", "Connect.csproj", "{545C5B92-5B85-4D19-9B3B-BAF595E9CF51}"
EndProject
Global
	GlobalSection(SolutionConfigurationPlatforms) = preSolution
		Debug|Any CPU = Debug|Any CPU
		Release|Any CPU = Release|Any CPU
	EndGlobalSection
	GlobalSection(ProjectConfigurationPlatforms) = postSolution
		{545C5B92-5B85-4D19-9B3B-BAF595E9CF51}.Debug|Any CPU.ActiveCfg = Debug|Any CPU
		{545C5B92-5B85-4D19-9B3B-BAF595E9CF51}.Debug|Any CPU.Build.0 = Debug|Any CPU
		{545C5B92-5B85-4D19-9B3B-BAF595E9CF51}.Release|Any CPU.ActiveCfg = Release|Any CPU
		{545C5B92-5B85-4D19-9B3B-BAF595E9CF51}.Release|Any CPU.Build.0 = Release|Any CPU
	EndGlobalSection
EndGlobal
